// !$*UTF8*$!
{
	archiveVersion = 1;
	classes = {
	};
	objectVersion = 48;
	objects = {

/* Begin PBXBuildFile section */
		BE0AC71A20D3D95700B3A844 /* registerViewController.swift in Sources */ = {isa = PBXBuildFile; fileRef = BE0AC71920D3D95700B3A844 /* registerViewController.swift */; };
		BE0E45EA20D167510025CB60 /* AppDelegate.swift in Sources */ = {isa = PBXBuildFile; fileRef = BE0E45E920D167510025CB60 /* AppDelegate.swift */; };
		BE0E45EC20D167510025CB60 /* ViewController.swift in Sources */ = {isa = PBXBuildFile; fileRef = BE0E45EB20D167510025CB60 /* ViewController.swift */; };
		BE0E45EF20D167510025CB60 /* Main.storyboard in Resources */ = {isa = PBXBuildFile; fileRef = BE0E45ED20D167510025CB60 /* Main.storyboard */; };
		BE0E45F120D167510025CB60 /* Assets.xcassets in Resources */ = {isa = PBXBuildFile; fileRef = BE0E45F020D167510025CB60 /* Assets.xcassets */; };
		BE0E45F420D167510025CB60 /* LaunchScreen.storyboard in Resources */ = {isa = PBXBuildFile; fileRef = BE0E45F220D167510025CB60 /* LaunchScreen.storyboard */; };
		BE0E45FF20D167510025CB60 /* HelloworldTests.swift in Sources */ = {isa = PBXBuildFile; fileRef = BE0E45FE20D167510025CB60 /* HelloworldTests.swift */; };
		BE0E460A20D167520025CB60 /* HelloworldUITests.swift in Sources */ = {isa = PBXBuildFile; fileRef = BE0E460920D167520025CB60 /* HelloworldUITests.swift */; };
		BEA59E4420D755E600FFD921 /* MainViewController.swift in Sources */ = {isa = PBXBuildFile; fileRef = BEA59E4320D755E600FFD921 /* MainViewController.swift */; };
/* End PBXBuildFile section */

/* Begin PBXContainerItemProxy section */
		BE0E45FB20D167510025CB60 /* PBXContainerItemProxy */ = {
			isa = PBXContainerItemProxy;
			containerPortal = BE0E45DE20D1674F0025CB60 /* Project object */;
			proxyType = 1;
			remoteGlobalIDString = BE0E45E520D167500025CB60;
			remoteInfo = Helloworld;
		};
		BE0E460620D167510025CB60 /* PBXContainerItemProxy */ = {
			isa = PBXContainerItemProxy;
			containerPortal = BE0E45DE20D1674F0025CB60 /* Project object */;
			proxyType = 1;
			remoteGlobalIDString = BE0E45E520D167500025CB60;
			remoteInfo = Helloworld;
		};
/* End PBXContainerItemProxy section */

/* Begin PBXFileReference section */
		BE0AC71920D3D95700B3A844 /* registerViewController.swift */ = {isa = PBXFileReference; fileEncoding = 4; lastKnownFileType = sourcecode.swift; path = registerViewController.swift; sourceTree = "<group>"; };
		BE0E45E620D167510025CB60 /* Helloworld.app */ = {isa = PBXFileReference; explicitFileType = wrapper.application; includeInIndex = 0; path = Helloworld.app; sourceTree = BUILT_PRODUCTS_DIR; };
		BE0E45E920D167510025CB60 /* AppDelegate.swift */ = {isa = PBXFileReference; lastKnownFileType = sourcecode.swift; path = AppDelegate.swift; sourceTree = "<group>"; };
		BE0E45EB20D167510025CB60 /* ViewController.swift */ = {isa = PBXFileReference; lastKnownFileType = sourcecode.swift; path = ViewController.swift; sourceTree = "<group>"; };
		BE0E45EE20D167510025CB60 /* Base */ = {isa = PBXFileReference; lastKnownFileType = file.storyboard; name = Base; path = Base.lproj/Main.storyboard; sourceTree = "<group>"; };
		BE0E45F020D167510025CB60 /* Assets.xcassets */ = {isa = PBXFileReference; lastKnownFileType = folder.assetcatalog; path = Assets.xcassets; sourceTree = "<group>"; };
		BE0E45F320D167510025CB60 /* Base */ = {isa = PBXFileReference; lastKnownFileType = file.storyboard; name = Base; path = Base.lproj/LaunchScreen.storyboard; sourceTree = "<group>"; };
		BE0E45F520D167510025CB60 /* Info.plist */ = {isa = PBXFileReference; lastKnownFileType = text.plist.xml; path = Info.plist; sourceTree = "<group>"; };
		BE0E45FA20D167510025CB60 /* HelloworldTests.xctest */ = {isa = PBXFileReference; explicitFileType = wrapper.cfbundle; includeInIndex = 0; path = HelloworldTests.xctest; sourceTree = BUILT_PRODUCTS_DIR; };
		BE0E45FE20D167510025CB60 /* HelloworldTests.swift */ = {isa = PBXFileReference; lastKnownFileType = sourcecode.swift; path = HelloworldTests.swift; sourceTree = "<group>"; };
		BE0E460020D167510025CB60 /* Info.plist */ = {isa = PBXFileReference; lastKnownFileType = text.plist.xml; path = Info.plist; sourceTree = "<group>"; };
		BE0E460520D167510025CB60 /* HelloworldUITests.xctest */ = {isa = PBXFileReference; explicitFileType = wrapper.cfbundle; includeInIndex = 0; path = HelloworldUITests.xctest; sourceTree = BUILT_PRODUCTS_DIR; };
		BE0E460920D167520025CB60 /* HelloworldUITests.swift */ = {isa = PBXFileReference; lastKnownFileType = sourcecode.swift; path = HelloworldUITests.swift; sourceTree = "<group>"; };
		BE0E460B20D167520025CB60 /* Info.plist */ = {isa = PBXFileReference; lastKnownFileType = text.plist.xml; path = Info.plist; sourceTree = "<group>"; };
		BEA59E4320D755E600FFD921 /* MainViewController.swift */ = {isa = PBXFileReference; lastKnownFileType = sourcecode.swift; path = MainViewController.swift; sourceTree = "<group>"; };
/* End PBXFileReference section */

/* Begin PBXFrameworksBuildPhase section */
		BE0E45E320D167500025CB60 /* Frameworks */ = {
			isa = PBXFrameworksBuildPhase;
			buildActionMask = 2147483647;
			files = (
			);
			runOnlyForDeploymentPostprocessing = 0;
		};
		BE0E45F720D167510025CB60 /* Frameworks */ = {
			isa = PBXFrameworksBuildPhase;
			buildActionMask = 2147483647;
			files = (
			);
			runOnlyForDeploymentPostprocessing = 0;
		};
		BE0E460220D167510025CB60 /* Frameworks */ = {
			isa = PBXFrameworksBuildPhase;
			buildActionMask = 2147483647;
			files = (
			);
			runOnlyForDeploymentPostprocessing = 0;
		};
/* End PBXFrameworksBuildPhase section */

/* Begin PBXGroup section */
		BE0E45DD20D1674F0025CB60 = {
			isa = PBXGroup;
			children = (
				BE0E45E820D167510025CB60 /* Helloworld */,
				BE0E45FD20D167510025CB60 /* HelloworldTests */,
				BE0E460820D167510025CB60 /* HelloworldUITests */,
				BE0E45E720D167510025CB60 /* Products */,
			);
			sourceTree = "<group>";
		};
		BE0E45E720D167510025CB60 /* Products */ = {
			isa = PBXGroup;
			children = (
				BE0E45E620D167510025CB60 /* Helloworld.app */,
				BE0E45FA20D167510025CB60 /* HelloworldTests.xctest */,
				BE0E460520D167510025CB60 /* HelloworldUITests.xctest */,
			);
			name = Products;
			sourceTree = "<group>";
		};
		BE0E45E820D167510025CB60 /* Helloworld */ = {
			isa = PBXGroup;
			children = (
				BE0E45E920D167510025CB60 /* AppDelegate.swift */,
				BE0E45EB20D167510025CB60 /* ViewController.swift */,
				BE0E45ED20D167510025CB60 /* Main.storyboard */,
				BE0E45F020D167510025CB60 /* Assets.xcassets */,
				BE0E45F220D167510025CB60 /* LaunchScreen.storyboard */,
				BE0E45F520D167510025CB60 /* Info.plist */,
				BE0AC71920D3D95700B3A844 /* registerViewController.swift */,
				BEA59E4320D755E600FFD921 /* MainViewController.swift */,
			);
			path = Helloworld;
			sourceTree = "<group>";
		};
		BE0E45FD20D167510025CB60 /* HelloworldTests */ = {
			isa = PBXGroup;
			children = (
				BE0E45FE20D167510025CB60 /* HelloworldTests.swift */,
				BE0E460020D167510025CB60 /* Info.plist */,
			);
			path = HelloworldTests;
			sourceTree = "<group>";
		};
		BE0E460820D167510025CB60 /* HelloworldUITests */ = {
			isa = PBXGroup;
			children = (
				BE0E460920D167520025CB60 /* HelloworldUITests.swift */,
				BE0E460B20D167520025CB60 /* Info.plist */,
			);
			path = HelloworldUITests;
			sourceTree = "<group>";
		};
/* End PBXGroup section */

/* Begin PBXNativeTarget section */
		BE0E45E520D167500025CB60 /* Helloworld */ = {
			isa = PBXNativeTarget;
			buildConfigurationList = BE0E460E20D167520025CB60 /* Build configuration list for PBXNativeTarget "Helloworld" */;
			buildPhases = (
				BE0E45E220D167500025CB60 /* Sources */,
				BE0E45E320D167500025CB60 /* Frameworks */,
				BE0E45E420D167500025CB60 /* Resources */,
			);
			buildRules = (
			);
			dependencies = (
			);
			name = Helloworld;
			productName = Helloworld;
			productReference = BE0E45E620D167510025CB60 /* Helloworld.app */;
			productType = "com.apple.product-type.application";
		};
		BE0E45F920D167510025CB60 /* HelloworldTests */ = {
			isa = PBXNativeTarget;
			buildConfigurationList = BE0E461120D167520025CB60 /* Build configuration list for PBXNativeTarget "HelloworldTests" */;
			buildPhases = (
				BE0E45F620D167510025CB60 /* Sources */,
				BE0E45F720D167510025CB60 /* Frameworks */,
				BE0E45F820D167510025CB60 /* Resources */,
			);
			buildRules = (
			);
			dependencies = (
				BE0E45FC20D167510025CB60 /* PBXTargetDependency */,
			);
			name = HelloworldTests;
			productName = HelloworldTests;
			productReference = BE0E45FA20D167510025CB60 /* HelloworldTests.xctest */;
			productType = "com.apple.product-type.bundle.unit-test";
		};
		BE0E460420D167510025CB60 /* HelloworldUITests */ = {
			isa = PBXNativeTarget;
			buildConfigurationList = BE0E461420D167520025CB60 /* Build configuration list for PBXNativeTarget "HelloworldUITests" */;
			buildPhases = (
				BE0E460120D167510025CB60 /* Sources */,
				BE0E460220D167510025CB60 /* Frameworks */,
				BE0E460320D167510025CB60 /* Resources */,
			);
			buildRules = (
			);
			dependencies = (
				BE0E460720D167510025CB60 /* PBXTargetDependency */,
			);
			name = HelloworldUITests;
			productName = HelloworldUITests;
			productReference = BE0E460520D167510025CB60 /* HelloworldUITests.xctest */;
			productType = "com.apple.product-type.bundle.ui-testing";
		};
/* End PBXNativeTarget section */

/* Begin PBXProject section */
		BE0E45DE20D1674F0025CB60 /* Project object */ = {
			isa = PBXProject;
			attributes = {
				LastSwiftUpdateCheck = 0820;
				LastUpgradeCheck = 0940;
				ORGANIZATIONNAME = Narayanaraj;
				TargetAttributes = {
					BE0E45E520D167500025CB60 = {
						CreatedOnToolsVersion = 8.2.1;
						LastSwiftMigration = 0940;
						ProvisioningStyle = Automatic;
					};
					BE0E45F920D167510025CB60 = {
						CreatedOnToolsVersion = 8.2.1;
						LastSwiftMigration = 0940;
						ProvisioningStyle = Automatic;
						TestTargetID = BE0E45E520D167500025CB60;
					};
					BE0E460420D167510025CB60 = {
						CreatedOnToolsVersion = 8.2.1;
						LastSwiftMigration = 0940;
						ProvisioningStyle = Automatic;
						TestTargetID = BE0E45E520D167500025CB60;
					};
				};
			};
			buildConfigurationList = BE0E45E120D1674F0025CB60 /* Build configuration list for PBXProject "Helloworld" */;
			compatibilityVersion = "Xcode 8.0";
			developmentRegion = English;
			hasScannedForEncodings = 0;
			knownRegions = (
				en,
				Base,
			);
			mainGroup = BE0E45DD20D1674F0025CB60;
			productRefGroup = BE0E45E720D167510025CB60 /* Products */;
			projectDirPath = "";
			projectRoot = "";
			targets = (
				BE0E45E520D167500025CB60 /* Helloworld */,
				BE0E45F920D167510025CB60 /* HelloworldTests */,
				BE0E460420D167510025CB60 /* HelloworldUITests */,
			);
		};
/* End PBXProject section */

/* Begin PBXResourcesBuildPhase section */
		BE0E45E420D167500025CB60 /* Resources */ = {
			isa = PBXResourcesBuildPhase;
			buildActionMask = 2147483647;
			files = (
				BE0E45F420D167510025CB60 /* LaunchScreen.storyboard in Resources */,
				BE0E45F120D167510025CB60 /* Assets.xcassets in Resources */,
				BE0E45EF20D167510025CB60 /* Main.storyboard in Resources */,
			);
			runOnlyForDeploymentPostprocessing = 0;
		};
		BE0E45F820D167510025CB60 /* Resources */ = {
			isa = PBXResourcesBuildPhase;
			buildActionMask = 2147483647;
			files = (
			);
			runOnlyForDeploymentPostprocessing = 0;
		};
		BE0E460320D167510025CB60 /* Resources */ = {
			isa = PBXResourcesBuildPhase;
			buildActionMask = 2147483647;
			files = (
			);
			runOnlyForDeploymentPostprocessing = 0;
		};
/* End PBXResourcesBuildPhase section */

/* Begin PBXSourcesBuildPhase section */
		BE0E45E220D167500025CB60 /* Sources */ = {
			isa = PBXSourcesBuildPhase;
			buildActionMask = 2147483647;
			files = (
				BE0AC71A20D3D95700B3A844 /* registerViewController.swift in Sources */,
				BE0E45EC20D167510025CB60 /* ViewController.swift in Sources */,
				BE0E45EA20D167510025CB60 /* AppDelegate.swift in Sources */,
				BEA59E4420D755E600FFD921 /* MainViewController.swift in Sources */,
			);
			runOnlyForDeploymentPostprocessing = 0;
		};
		BE0E45F620D167510025CB60 /* Sources */ = {
			isa = PBXSourcesBuildPhase;
			buildActionMask = 2147483647;
			files = (
				BE0E45FF20D167510025CB60 /* HelloworldTests.swift in Sources */,
			);
			runOnlyForDeploymentPostprocessing = 0;
		};
		BE0E460120D167510025CB60 /* Sources */ = {
			isa = PBXSourcesBuildPhase;
			buildActionMask = 2147483647;
			files = (
				BE0E460A20D167520025CB60 /* HelloworldUITests.swift in Sources */,
			);
			runOnlyForDeploymentPostprocessing = 0;
		};
/* End PBXSourcesBuildPhase section */

/* Begin PBXTargetDependency section */
		BE0E45FC20D167510025CB60 /* PBXTargetDependency */ = {
			isa = PBXTargetDependency;
			target = BE0E45E520D167500025CB60 /* Helloworld */;
			targetProxy = BE0E45FB20D167510025CB60 /* PBXContainerItemProxy */;
		};
		BE0E460720D167510025CB60 /* PBXTargetDependency */ = {
			isa = PBXTargetDependency;
			target = BE0E45E520D167500025CB60 /* Helloworld */;
			targetProxy = BE0E460620D167510025CB60 /* PBXContainerItemProxy */;
		};
/* End PBXTargetDependency section */

/* Begin PBXVariantGroup section */
		BE0E45ED20D167510025CB60 /* Main.storyboard */ = {
			isa = PBXVariantGroup;
			children = (
				BE0E45EE20D167510025CB60 /* Base */,
			);
			name = Main.storyboard;
			sourceTree = "<group>";
		};
		BE0E45F220D167510025CB60 /* LaunchScreen.storyboard */ = {
			isa = PBXVariantGroup;
			children = (
				BE0E45F320D167510025CB60 /* Base */,
			);
			name = LaunchScreen.storyboard;
			sourceTree = "<group>";
		};
/* End PBXVariantGroup section */

/* Begin XCBuildConfiguration section */
		BE0E460C20D167520025CB60 /* Debug */ = {
			isa = XCBuildConfiguration;
			buildSettings = {
				ALWAYS_SEARCH_USER_PATHS = NO;
				CLANG_ANALYZER_NONNULL = YES;
				CLANG_CXX_LANGUAGE_STANDARD = "gnu++0x";
				CLANG_CXX_LIBRARY = "libc++";
				CLANG_ENABLE_MODULES = YES;
				CLANG_ENABLE_OBJC_ARC = YES;
				CLANG_WARN_BLOCK_CAPTURE_AUTORELEASING = YES;
				CLANG_WARN_BOOL_CONVERSION = YES;
				CLANG_WARN_COMMA = YES;
				CLANG_WARN_CONSTANT_CONVERSION = YES;
				CLANG_WARN_DEPRECATED_OBJC_IMPLEMENTATIONS = YES;
				CLANG_WARN_DIRECT_OBJC_ISA_USAGE = YES_ERROR;
				CLANG_WARN_DOCUMENTATION_COMMENTS = YES;
				CLANG_WARN_EMPTY_BODY = YES;
				CLANG_WARN_ENUM_CONVERSION = YES;
				CLANG_WARN_INFINITE_RECURSION = YES;
				CLANG_WARN_INT_CONVERSION = YES;
				CLANG_WARN_NON_LITERAL_NULL_CONVERSION = YES;
				CLANG_WARN_OBJC_IMPLICIT_RETAIN_SELF = YES;
				CLANG_WARN_OBJC_LITERAL_CONVERSION = YES;
				CLANG_WARN_OBJC_ROOT_CLASS = YES_ERROR;
				CLANG_WARN_RANGE_LOOP_ANALYSIS = YES;
				CLANG_WARN_STRICT_PROTOTYPES = YES;
				CLANG_WARN_SUSPICIOUS_MOVE = YES;
				CLANG_WARN_UNREACHABLE_CODE = YES;
				CLANG_WARN__DUPLICATE_METHOD_MATCH = YES;
				"CODE_SIGN_IDENTITY[sdk=iphoneos*]" = "iPhone Developer";
				COPY_PHASE_STRIP = NO;
				DEBUG_INFORMATION_FORMAT = dwarf;
				ENABLE_STRICT_OBJC_MSGSEND = YES;
				ENABLE_TESTABILITY = YES;
				GCC_C_LANGUAGE_STANDARD = gnu99;
				GCC_DYNAMIC_NO_PIC = NO;
				GCC_NO_COMMON_BLOCKS = YES;
				GCC_OPTIMIZATION_LEVEL = 0;
				GCC_PREPROCESSOR_DEFINITIONS = (
					"DEBUG=1",
					"$(inherited)",
				);
				GCC_WARN_64_TO_32_BIT_CONVERSION = YES;
				GCC_WARN_ABOUT_RETURN_TYPE = YES_ERROR;
				GCC_WARN_UNDECLARED_SELECTOR = YES;
				GCC_WARN_UNINITIALIZED_AUTOS = YES_AGGRESSIVE;
				GCC_WARN_UNUSED_FUNCTION = YES;
				GCC_WARN_UNUSED_VARIABLE = YES;
				IPHONEOS_DEPLOYMENT_TARGET = 11.4;
				MTL_ENABLE_DEBUG_INFO = YES;
				ONLY_ACTIVE_ARCH = YES;
				SDKROOT = iphoneos;
				SWIFT_ACTIVE_COMPILATION_CONDITIONS = DEBUG;
				SWIFT_OPTIMIZATION_LEVEL = "-Onone";
				TARGETED_DEVICE_FAMILY = "1,2";
			};
			name = Debug;
		};
		BE0E460D20D167520025CB60 /* Release */ = {
			isa = XCBuildConfiguration;
			buildSettings = {
				ALWAYS_SEARCH_USER_PATHS = NO;
				CLANG_ANALYZER_NONNULL = YES;
				CLANG_CXX_LANGUAGE_STANDARD = "gnu++0x";
				CLANG_CXX_LIBRARY = "libc++";
				CLANG_ENABLE_MODULES = YES;
				CLANG_ENABLE_OBJC_ARC = YES;
				CLANG_WARN_BLOCK_CAPTURE_AUTORELEASING = YES;
				CLANG_WARN_BOOL_CONVERSION = YES;
				CLANG_WARN_COMMA = YES;
				CLANG_WARN_CONSTANT_CONVERSION = YES;
				CLANG_WARN_DEPRECATED_OBJC_IMPLEMENTATIONS = YES;
				CLANG_WARN_DIRECT_OBJC_ISA_USAGE = YES_ERROR;
				CLANG_WARN_DOCUMENTATION_COMMENTS = YES;
				CLANG_WARN_EMPTY_BODY = YES;
				CLANG_WARN_ENUM_CONVERSION = YES;
				CLANG_WARN_INFINITE_RECURSION = YES;
				CLANG_WARN_INT_CONVERSION = YES;
				CLANG_WARN_NON_LITERAL_NULL_CONVERSION = YES;
				CLANG_WARN_OBJC_IMPLICIT_RETAIN_SELF = YES;
				CLANG_WARN_OBJC_LITERAL_CONVERSION = YES;
				CLANG_WARN_OBJC_ROOT_CLASS = YES_ERROR;
				CLANG_WARN_RANGE_LOOP_ANALYSIS = YES;
				CLANG_WARN_STRICT_PROTOTYPES = YES;
				CLANG_WARN_SUSPICIOUS_MOVE = YES;
				CLANG_WARN_UNREACHABLE_CODE = YES;
				CLANG_WARN__DUPLICATE_METHOD_MATCH = YES;
				"CODE_SIGN_IDENTITY[sdk=iphoneos*]" = "iPhone Developer";
				COPY_PHASE_STRIP = NO;
				DEBUG_INFORMATION_FORMAT = "dwarf-with-dsym";
				ENABLE_NS_ASSERTIONS = NO;
				ENABLE_STRICT_OBJC_MSGSEND = YES;
				GCC_C_LANGUAGE_STANDARD = gnu99;
				GCC_NO_COMMON_BLOCKS = YES;
				GCC_WARN_64_TO_32_BIT_CONVERSION = YES;
				GCC_WARN_ABOUT_RETURN_TYPE = YES_ERROR;
				GCC_WARN_UNDECLARED_SELECTOR = YES;
				GCC_WARN_UNINITIALIZED_AUTOS = YES_AGGRESSIVE;
				GCC_WARN_UNUSED_FUNCTION = YES;
				GCC_WARN_UNUSED_VARIABLE = YES;
				IPHONEOS_DEPLOYMENT_TARGET = 11.4;
				MTL_ENABLE_DEBUG_INFO = NO;
				SDKROOT = iphoneos;
				SWIFT_OPTIMIZATION_LEVEL = "-Owholemodule";
				TARGETED_DEVICE_FAMILY = "1,2";
				VALIDATE_PRODUCT = YES;
			};
			name = Release;
		};
		BE0E460F20D167520025CB60 /* Debug */ = {
			isa = XCBuildConfiguration;
			buildSettings = {
				ASSETCATALOG_COMPILER_APPICON_NAME = AppIcon;
				DEVELOPMENT_TEAM = X4K6FVC7ZG;
				INFOPLIST_FILE = Helloworld/Info.plist;
				IPHONEOS_DEPLOYMENT_TARGET = 11.4;
				LD_RUNPATH_SEARCH_PATHS = "$(inherited) @executable_path/Frameworks";
				PRODUCT_BUNDLE_IDENTIFIER = com.Helloworld.narayan;
				PRODUCT_NAME = "$(TARGET_NAME)";
				SWIFT_SWIFT3_OBJC_INFERENCE = On;
				SWIFT_VERSION = 4.0;
				TARGETED_DEVICE_FAMILY = 1;
			};
			name = Debug;
		};
		BE0E461020D167520025CB60 /* Release */ = {
			isa = XCBuildConfiguration;
			buildSettings = {
				ASSETCATALOG_COMPILER_APPICON_NAME = AppIcon;
				DEVELOPMENT_TEAM = X4K6FVC7ZG;
				INFOPLIST_FILE = Helloworld/Info.plist;
				IPHONEOS_DEPLOYMENT_TARGET = 11.4;
				LD_RUNPATH_SEARCH_PATHS = "$(inherited) @executable_path/Frameworks";
				PRODUCT_BUNDLE_IDENTIFIER = com.Helloworld.narayan;
				PRODUCT_NAME = "$(TARGET_NAME)";
				SWIFT_SWIFT3_OBJC_INFERENCE = On;
				SWIFT_VERSION = 4.0;
				TARGETED_DEVICE_FAMILY = 1;
			};
			name = Release;
		};
		BE0E461220D167520025CB60 /* Debug */ = {
			isa = XCBuildConfiguration;
			buildSettings = {
				ALWAYS_EMBED_SWIFT_STANDARD_LIBRARIES = YES;
				BUNDLE_LOADER = "$(TEST_HOST)";
				INFOPLIST_FILE = HelloworldTests/Info.plist;
				LD_RUNPATH_SEARCH_PATHS = "$(inherited) @executable_path/Frameworks @loader_path/Frameworks";
				PRODUCT_BUNDLE_IDENTIFIER = com.HelloworldTests;
				PRODUCT_NAME = "$(TARGET_NAME)";
				SWIFT_SWIFT3_OBJC_INFERENCE = On;
				SWIFT_VERSION = 4.0;
				TEST_HOST = "$(BUILT_PRODUCTS_DIR)/Helloworld.app/Helloworld";
			};
			name = Debug;
		};
		BE0E461320D167520025CB60 /* Release */ = {
			isa = XCBuildConfiguration;
			buildSettings = {
				ALWAYS_EMBED_SWIFT_STANDARD_LIBRARIES = YES;
				BUNDLE_LOADER = "$(TEST_HOST)";
				INFOPLIST_FILE = HelloworldTests/Info.plist;
				LD_RUNPATH_SEARCH_PATHS = "$(inherited) @executable_path/Frameworks @loader_path/Frameworks";
				PRODUCT_BUNDLE_IDENTIFIER = com.HelloworldTests;
				PRODUCT_NAME = "$(TARGET_NAME)";
				SWIFT_SWIFT3_OBJC_INFERENCE = On;
				SWIFT_VERSION = 4.0;
				TEST_HOST = "$(BUILT_PRODUCTS_DIR)/Helloworld.app/Helloworld";
			};
			name = Release;
		};
		BE0E461520D167520025CB60 /* Debug */ = {
			isa = XCBuildConfiguration;
			buildSettings = {
				ALWAYS_EMBED_SWIFT_STANDARD_LIBRARIES = YES;
				INFOPLIST_FILE = HelloworldUITests/Info.plist;
				LD_RUNPATH_SEARCH_PATHS = "$(inherited) @executable_path/Frameworks @loader_path/Frameworks";
				PRODUCT_BUNDLE_IDENTIFIER = com.HelloworldUITests;
				PRODUCT_NAME = "$(TARGET_NAME)";
				SWIFT_SWIFT3_OBJC_INFERENCE = On;
				SWIFT_VERSION = 4.0;
				TEST_TARGET_NAME = Helloworld;
			};
			name = Debug;
		};
		BE0E461620D167520025CB60 /* Release */ = {
			isa = XCBuildConfiguration;
			buildSettings = {
				ALWAYS_EMBED_SWIFT_STANDARD_LIBRARIES = YES;
				INFOPLIST_FILE = HelloworldUITests/Info.plist;
				LD_RUNPATH_SEARCH_PATHS = "$(inherited) @executable_path/Frameworks @loader_path/Frameworks";
				PRODUCT_BUNDLE_IDENTIFIER = com.HelloworldUITests;
				PRODUCT_NAME = "$(TARGET_NAME)";
				SWIFT_SWIFT3_OBJC_INFERENCE = On;
				SWIFT_VERSION = 4.0;
				TEST_TARGET_NAME = Helloworld;
			};
			name = Release;
		};
/* End XCBuildConfiguration section */

/* Begin XCConfigurationList section */
		BE0E45E120D1674F0025CB60 /* Build configuration list for PBXProject "Helloworld" */ = {
			isa = XCConfigurationList;
			buildConfigurations = (
				BE0E460C20D167520025CB60 /* Debug */,
				BE0E460D20D167520025CB60 /* Release */,
			);
			defaultConfigurationIsVisible = 0;
			defaultConfigurationName = Release;
		};
		BE0E460E20D167520025CB60 /* Build configuration list for PBXNativeTarget "Helloworld" */ = {
			isa = XCConfigurationList;
			buildConfigurations = (
				BE0E460F20D167520025CB60 /* Debug */,
				BE0E461020D167520025CB60 /* Release */,
			);
			defaultConfigurationIsVisible = 0;
			defaultConfigurationName = Release;
		};
		BE0E461120D167520025CB60 /* Build configuration list for PBXNativeTarget "HelloworldTests" */ = {
			isa = XCConfigurationList;
			buildConfigurations = (
				BE0E461220D167520025CB60 /* Debug */,
				BE0E461320D167520025CB60 /* Release */,
			);
			defaultConfigurationIsVisible = 0;
			defaultConfigurationName = Release;
		};
		BE0E461420D167520025CB60 /* Build configuration list for PBXNativeTarget "HelloworldUITests" */ = {
			isa = XCConfigurationList;
			buildConfigurations = (
				BE0E461520D167520025CB60 /* Debug */,
				BE0E461620D167520025CB60 /* Release */,
			);
			defaultConfigurationIsVisible = 0;
			defaultConfigurationName = Release;
		};
/* End XCConfigurationList section */
	};
	rootObject = BE0E45DE20D1674F0025CB60 /* Project object */;
}
